// !$*UTF8*$!
{
	archiveVersion = 1;
	classes = {
	};
	objectVersion = 56;
	objects = {

/* Begin PBXBuildFile section */
		C0182A1128F609BA00D4A13F /* Device.swift in Sources */ = {isa = PBXBuildFile; fileRef = C0182A1028F609BA00D4A13F /* Device.swift */; };
		C0182A1328F611B700D4A13F /* Launch Screen.storyboard in Resources */ = {isa = PBXBuildFile; fileRef = C0182A1228F611B700D4A13F /* Launch Screen.storyboard */; };
		C0182A1B28F840F300D4A13F /* RickWatchApp.swift in Sources */ = {isa = PBXBuildFile; fileRef = C0182A1A28F840F300D4A13F /* RickWatchApp.swift */; };
		C0182A1D28F840F300D4A13F /* WatchView.swift in Sources */ = {isa = PBXBuildFile; fileRef = C0182A1C28F840F300D4A13F /* WatchView.swift */; };
		C0182A1F28F840F500D4A13F /* Assets.xcassets in Resources */ = {isa = PBXBuildFile; fileRef = C0182A1E28F840F500D4A13F /* Assets.xcassets */; };
		C0182A2228F840F500D4A13F /* Preview Assets.xcassets in Resources */ = {isa = PBXBuildFile; fileRef = C0182A2128F840F500D4A13F /* Preview Assets.xcassets */; };
		C06F768028E982C300E673BE /* RickfaceApp.swift in Sources */ = {isa = PBXBuildFile; fileRef = C06F767F28E982C300E673BE /* RickfaceApp.swift */; };
		C06F768228E982C300E673BE /* MainView.swift in Sources */ = {isa = PBXBuildFile; fileRef = C06F768128E982C300E673BE /* MainView.swift */; };
		C06F768428E982C400E673BE /* Assets.xcassets in Resources */ = {isa = PBXBuildFile; fileRef = C06F768328E982C400E673BE /* Assets.xcassets */; };
		C06F768728E982C400E673BE /* Preview Assets.xcassets in Resources */ = {isa = PBXBuildFile; fileRef = C06F768628E982C400E673BE /* Preview Assets.xcassets */; };
		C06F76AA28E9839800E673BE /* Face.swift in Sources */ = {isa = PBXBuildFile; fileRef = C06F76A928E9839800E673BE /* Face.swift */; };
		C0811F1E28F845500026EB30 /* Face.swift in Sources */ = {isa = PBXBuildFile; fileRef = C06F76A928E9839800E673BE /* Face.swift */; };
		C0E05A202900024A008412AB /* RickWatch Watch App.app in Embed Watch Content */ = {isa = PBXBuildFile; fileRef = C0182A1828F840F300D4A13F /* RickWatch Watch App.app */; settings = {ATTRIBUTES = (RemoveHeadersOnCopy, ); }; };
/* End PBXBuildFile section */

/* Begin PBXContainerItemProxy section */
		C0E05A212900024A008412AB /* PBXContainerItemProxy */ = {
			isa = PBXContainerItemProxy;
			containerPortal = C06F767428E982C300E673BE /* Project object */;
			proxyType = 1;
			remoteGlobalIDString = C0182A1728F840F300D4A13F;
			remoteInfo = "RickWatch Watch App";
		};
/* End PBXContainerItemProxy section */

/* Begin PBXCopyFilesBuildPhase section */
		C0E05A232900024A008412AB /* Embed Watch Content */ = {
			isa = PBXCopyFilesBuildPhase;
			buildActionMask = 2147483647;
			dstPath = "$(CONTENTS_FOLDER_PATH)/Watch";
			dstSubfolderSpec = 16;
			files = (
				C0E05A202900024A008412AB /* RickWatch Watch App.app in Embed Watch Content */,
			);
			name = "Embed Watch Content";
			runOnlyForDeploymentPostprocessing = 0;
		};
/* End PBXCopyFilesBuildPhase section */

/* Begin PBXFileReference section */
		C0182A1028F609BA00D4A13F /* Device.swift */ = {isa = PBXFileReference; lastKnownFileType = sourcecode.swift; path = Device.swift; sourceTree = "<group>"; };
		C0182A1228F611B700D4A13F /* Launch Screen.storyboard */ = {isa = PBXFileReference; lastKnownFileType = file.storyboard; path = "Launch Screen.storyboard"; sourceTree = "<group>"; };
		C0182A1828F840F300D4A13F /* RickWatch Watch App.app */ = {isa = PBXFileReference; explicitFileType = wrapper.application; includeInIndex = 0; path = "RickWatch Watch App.app"; sourceTree = BUILT_PRODUCTS_DIR; };
		C0182A1A28F840F300D4A13F /* RickWatchApp.swift */ = {isa = PBXFileReference; lastKnownFileType = sourcecode.swift; path = RickWatchApp.swift; sourceTree = "<group>"; };
		C0182A1C28F840F300D4A13F /* WatchView.swift */ = {isa = PBXFileReference; lastKnownFileType = sourcecode.swift; path = WatchView.swift; sourceTree = "<group>"; };
		C0182A1E28F840F500D4A13F /* Assets.xcassets */ = {isa = PBXFileReference; lastKnownFileType = folder.assetcatalog; path = Assets.xcassets; sourceTree = "<group>"; };
		C0182A2128F840F500D4A13F /* Preview Assets.xcassets */ = {isa = PBXFileReference; lastKnownFileType = folder.assetcatalog; path = "Preview Assets.xcassets"; sourceTree = "<group>"; };
		C06F767C28E982C300E673BE /* Rickface.app */ = {isa = PBXFileReference; explicitFileType = wrapper.application; includeInIndex = 0; path = Rickface.app; sourceTree = BUILT_PRODUCTS_DIR; };
		C06F767F28E982C300E673BE /* RickfaceApp.swift */ = {isa = PBXFileReference; lastKnownFileType = sourcecode.swift; path = RickfaceApp.swift; sourceTree = "<group>"; };
		C06F768128E982C300E673BE /* MainView.swift */ = {isa = PBXFileReference; lastKnownFileType = sourcecode.swift; path = MainView.swift; sourceTree = "<group>"; };
		C06F768328E982C400E673BE /* Assets.xcassets */ = {isa = PBXFileReference; lastKnownFileType = folder.assetcatalog; path = Assets.xcassets; sourceTree = "<group>"; };
		C06F768628E982C400E673BE /* Preview Assets.xcassets */ = {isa = PBXFileReference; lastKnownFileType = folder.assetcatalog; path = "Preview Assets.xcassets"; sourceTree = "<group>"; };
		C06F76A928E9839800E673BE /* Face.swift */ = {isa = PBXFileReference; lastKnownFileType = sourcecode.swift; path = Face.swift; sourceTree = "<group>"; };
		C0E05A242900082C008412AB /* Info.plist */ = {isa = PBXFileReference; lastKnownFileType = text.plist; path = Info.plist; sourceTree = "<group>"; };
/* End PBXFileReference section */

/* Begin PBXFrameworksBuildPhase section */
		C0182A1528F840F300D4A13F /* Frameworks */ = {
			isa = PBXFrameworksBuildPhase;
			buildActionMask = 2147483647;
			files = (
			);
			runOnlyForDeploymentPostprocessing = 0;
		};
		C06F767928E982C300E673BE /* Frameworks */ = {
			isa = PBXFrameworksBuildPhase;
			buildActionMask = 2147483647;
			files = (
			);
			runOnlyForDeploymentPostprocessing = 0;
		};
/* End PBXFrameworksBuildPhase section */

/* Begin PBXGroup section */
		C0182A1928F840F300D4A13F /* RickWatch Watch App */ = {
			isa = PBXGroup;
			children = (
				C0182A1A28F840F300D4A13F /* RickWatchApp.swift */,
				C0182A1C28F840F300D4A13F /* WatchView.swift */,
				C0182A1E28F840F500D4A13F /* Assets.xcassets */,
				C0182A2028F840F500D4A13F /* Preview Content */,
			);
			path = "RickWatch Watch App";
			sourceTree = "<group>";
		};
		C0182A2028F840F500D4A13F /* Preview Content */ = {
			isa = PBXGroup;
			children = (
				C0182A2128F840F500D4A13F /* Preview Assets.xcassets */,
			);
			path = "Preview Content";
			sourceTree = "<group>";
		};
		C06F767328E982C300E673BE = {
			isa = PBXGroup;
			children = (
				C0182A1228F611B700D4A13F /* Launch Screen.storyboard */,
				C06F767E28E982C300E673BE /* Rickface */,
				C0182A1928F840F300D4A13F /* RickWatch Watch App */,
				C06F767D28E982C300E673BE /* Products */,
				C0E05A1F2900024A008412AB /* Frameworks */,
			);
			sourceTree = "<group>";
		};
		C06F767D28E982C300E673BE /* Products */ = {
			isa = PBXGroup;
			children = (
				C06F767C28E982C300E673BE /* Rickface.app */,
				C0182A1828F840F300D4A13F /* RickWatch Watch App.app */,
			);
			name = Products;
			sourceTree = "<group>";
		};
		C06F767E28E982C300E673BE /* Rickface */ = {
			isa = PBXGroup;
			children = (
				C0E05A242900082C008412AB /* Info.plist */,
				C06F767F28E982C300E673BE /* RickfaceApp.swift */,
				C06F768128E982C300E673BE /* MainView.swift */,
				C06F76A928E9839800E673BE /* Face.swift */,
				C0182A1028F609BA00D4A13F /* Device.swift */,
				C06F768328E982C400E673BE /* Assets.xcassets */,
				C06F768528E982C400E673BE /* Preview Content */,
			);
			path = Rickface;
			sourceTree = "<group>";
		};
		C06F768528E982C400E673BE /* Preview Content */ = {
			isa = PBXGroup;
			children = (
				C06F768628E982C400E673BE /* Preview Assets.xcassets */,
			);
			path = "Preview Content";
			sourceTree = "<group>";
		};
		C0E05A1F2900024A008412AB /* Frameworks */ = {
			isa = PBXGroup;
			children = (
			);
			name = Frameworks;
			sourceTree = "<group>";
		};
/* End PBXGroup section */

/* Begin PBXNativeTarget section */
		C0182A1728F840F300D4A13F /* RickWatch Watch App */ = {
			isa = PBXNativeTarget;
			buildConfigurationList = C0182A2528F840F500D4A13F /* Build configuration list for PBXNativeTarget "RickWatch Watch App" */;
			buildPhases = (
				C0182A1428F840F300D4A13F /* Sources */,
				C0182A1528F840F300D4A13F /* Frameworks */,
				C0182A1628F840F300D4A13F /* Resources */,
			);
			buildRules = (
			);
			dependencies = (
			);
			name = "RickWatch Watch App";
			productName = "RickWatch Watch App";
			productReference = C0182A1828F840F300D4A13F /* RickWatch Watch App.app */;
			productType = "com.apple.product-type.application";
		};
		C06F767B28E982C300E673BE /* Rickface */ = {
			isa = PBXNativeTarget;
			buildConfigurationList = C06F76A028E982C500E673BE /* Build configuration list for PBXNativeTarget "Rickface" */;
			buildPhases = (
				C06F767828E982C300E673BE /* Sources */,
				C06F767928E982C300E673BE /* Frameworks */,
				C06F767A28E982C300E673BE /* Resources */,
				C0E05A232900024A008412AB /* Embed Watch Content */,
			);
			buildRules = (
			);
			dependencies = (
				C0E05A222900024A008412AB /* PBXTargetDependency */,
			);
			name = Rickface;
			productName = Rickface;
			productReference = C06F767C28E982C300E673BE /* Rickface.app */;
			productType = "com.apple.product-type.application";
		};
/* End PBXNativeTarget section */

/* Begin PBXProject section */
		C06F767428E982C300E673BE /* Project object */ = {
			isa = PBXProject;
			attributes = {
				BuildIndependentTargetsInParallel = 1;
				LastSwiftUpdateCheck = 1400;
				LastUpgradeCheck = 1400;
				TargetAttributes = {
					C0182A1728F840F300D4A13F = {
						CreatedOnToolsVersion = 14.0.1;
					};
					C06F767B28E982C300E673BE = {
						CreatedOnToolsVersion = 14.0.1;
					};
				};
			};
			buildConfigurationList = C06F767728E982C300E673BE /* Build configuration list for PBXProject "Rickface" */;
			compatibilityVersion = "Xcode 14.0";
			developmentRegion = en;
			hasScannedForEncodings = 0;
			knownRegions = (
				en,
				Base,
			);
			mainGroup = C06F767328E982C300E673BE;
			productRefGroup = C06F767D28E982C300E673BE /* Products */;
			projectDirPath = "";
			projectRoot = "";
			targets = (
				C06F767B28E982C300E673BE /* Rickface */,
				C0182A1728F840F300D4A13F /* RickWatch Watch App */,
			);
		};
/* End PBXProject section */

/* Begin PBXResourcesBuildPhase section */
		C0182A1628F840F300D4A13F /* Resources */ = {
			isa = PBXResourcesBuildPhase;
			buildActionMask = 2147483647;
			files = (
				C0182A2228F840F500D4A13F /* Preview Assets.xcassets in Resources */,
				C0182A1F28F840F500D4A13F /* Assets.xcassets in Resources */,
			);
			runOnlyForDeploymentPostprocessing = 0;
		};
		C06F767A28E982C300E673BE /* Resources */ = {
			isa = PBXResourcesBuildPhase;
			buildActionMask = 2147483647;
			files = (
				C0182A1328F611B700D4A13F /* Launch Screen.storyboard in Resources */,
				C06F768728E982C400E673BE /* Preview Assets.xcassets in Resources */,
				C06F768428E982C400E673BE /* Assets.xcassets in Resources */,
			);
			runOnlyForDeploymentPostprocessing = 0;
		};
/* End PBXResourcesBuildPhase section */

/* Begin PBXSourcesBuildPhase section */
		C0182A1428F840F300D4A13F /* Sources */ = {
			isa = PBXSourcesBuildPhase;
			buildActionMask = 2147483647;
			files = (
				C0811F1E28F845500026EB30 /* Face.swift in Sources */,
				C0182A1D28F840F300D4A13F /* WatchView.swift in Sources */,
				C0182A1B28F840F300D4A13F /* RickWatchApp.swift in Sources */,
			);
			runOnlyForDeploymentPostprocessing = 0;
		};
		C06F767828E982C300E673BE /* Sources */ = {
			isa = PBXSourcesBuildPhase;
			buildActionMask = 2147483647;
			files = (
				C06F768228E982C300E673BE /* MainView.swift in Sources */,
				C06F76AA28E9839800E673BE /* Face.swift in Sources */,
				C06F768028E982C300E673BE /* RickfaceApp.swift in Sources */,
				C0182A1128F609BA00D4A13F /* Device.swift in Sources */,
			);
			runOnlyForDeploymentPostprocessing = 0;
		};
/* End PBXSourcesBuildPhase section */

/* Begin PBXTargetDependency section */
		C0E05A222900024A008412AB /* PBXTargetDependency */ = {
			isa = PBXTargetDependency;
			target = C0182A1728F840F300D4A13F /* RickWatch Watch App */;
			targetProxy = C0E05A212900024A008412AB /* PBXContainerItemProxy */;
		};
/* End PBXTargetDependency section */

/* Begin XCBuildConfiguration section */
		C0182A2328F840F500D4A13F /* Debug */ = {
			isa = XCBuildConfiguration;
			buildSettings = {
				ASSETCATALOG_COMPILER_APPICON_NAME = AppIcon;
				ASSETCATALOG_COMPILER_GLOBAL_ACCENT_COLOR_NAME = AccentColor;
				CODE_SIGN_STYLE = Automatic;
				CURRENT_PROJECT_VERSION = 1;
				DEVELOPMENT_ASSET_PATHS = "\"RickWatch Watch App/Preview Content\"";
				DEVELOPMENT_TEAM = N2WM6EN8GQ;
				ENABLE_PREVIEWS = YES;
				GENERATE_INFOPLIST_FILE = YES;
				INFOPLIST_KEY_CFBundleDisplayName = RickWatch;
				INFOPLIST_KEY_UILaunchStoryboardName = "Launch Screen";
				INFOPLIST_KEY_UISupportedInterfaceOrientations = "UIInterfaceOrientationPortrait UIInterfaceOrientationPortraitUpsideDown";
				INFOPLIST_KEY_WKCompanionAppBundleIdentifier = com.charliewilliams.rickface;
				INFOPLIST_KEY_WKRunsIndependentlyOfCompanionApp = YES;
				LD_RUNPATH_SEARCH_PATHS = (
					"$(inherited)",
					"@executable_path/Frameworks",
				);
				MARKETING_VERSION = 2.1.1;
				PRODUCT_BUNDLE_IDENTIFIER = com.charliewilliams.rickface.watchkitapp;
				PRODUCT_NAME = "$(TARGET_NAME)";
				SDKROOT = watchos;
				SKIP_INSTALL = YES;
				SWIFT_EMIT_LOC_STRINGS = YES;
				SWIFT_VERSION = 5.0;
				TARGETED_DEVICE_FAMILY = 4;
				WATCHOS_DEPLOYMENT_TARGET = 9.0;
			};
			name = Debug;
		};
		C0182A2428F840F500D4A13F /* Release */ = {
			isa = XCBuildConfiguration;
			buildSettings = {
				ASSETCATALOG_COMPILER_APPICON_NAME = AppIcon;
				ASSETCATALOG_COMPILER_GLOBAL_ACCENT_COLOR_NAME = AccentColor;
				CODE_SIGN_STYLE = Automatic;
				CURRENT_PROJECT_VERSION = 1;
				DEVELOPMENT_ASSET_PATHS = "\"RickWatch Watch App/Preview Content\"";
				DEVELOPMENT_TEAM = N2WM6EN8GQ;
				ENABLE_PREVIEWS = YES;
				GENERATE_INFOPLIST_FILE = YES;
				INFOPLIST_KEY_CFBundleDisplayName = RickWatch;
				INFOPLIST_KEY_UILaunchStoryboardName = "Launch Screen";
				INFOPLIST_KEY_UISupportedInterfaceOrientations = "UIInterfaceOrientationPortrait UIInterfaceOrientationPortraitUpsideDown";
				INFOPLIST_KEY_WKCompanionAppBundleIdentifier = com.charliewilliams.rickface;
				INFOPLIST_KEY_WKRunsIndependentlyOfCompanionApp = YES;
				LD_RUNPATH_SEARCH_PATHS = (
					"$(inherited)",
					"@executable_path/Frameworks",
				);
				MARKETING_VERSION = 2.1.1;
				PRODUCT_BUNDLE_IDENTIFIER = com.charliewilliams.rickface.watchkitapp;
				PRODUCT_NAME = "$(TARGET_NAME)";
				SDKROOT = watchos;
				SKIP_INSTALL = YES;
				SWIFT_EMIT_LOC_STRINGS = YES;
				SWIFT_VERSION = 5.0;
				TARGETED_DEVICE_FAMILY = 4;
				WATCHOS_DEPLOYMENT_TARGET = 9.0;
			};
			name = Release;
		};
		C06F769E28E982C500E673BE /* Debug */ = {
			isa = XCBuildConfiguration;
			buildSettings = {
				ALWAYS_SEARCH_USER_PATHS = NO;
				CLANG_ANALYZER_NONNULL = YES;
				CLANG_ANALYZER_NUMBER_OBJECT_CONVERSION = YES_AGGRESSIVE;
				CLANG_CXX_LANGUAGE_STANDARD = "gnu++20";
				CLANG_ENABLE_MODULES = YES;
				CLANG_ENABLE_OBJC_ARC = YES;
				CLANG_ENABLE_OBJC_WEAK = YES;
				CLANG_WARN_BLOCK_CAPTURE_AUTORELEASING = YES;
				CLANG_WARN_BOOL_CONVERSION = YES;
				CLANG_WARN_COMMA = YES;
				CLANG_WARN_CONSTANT_CONVERSION = YES;
				CLANG_WARN_DEPRECATED_OBJC_IMPLEMENTATIONS = YES;
				CLANG_WARN_DIRECT_OBJC_ISA_USAGE = YES_ERROR;
				CLANG_WARN_DOCUMENTATION_COMMENTS = YES;
				CLANG_WARN_EMPTY_BODY = YES;
				CLANG_WARN_ENUM_CONVERSION = YES;
				CLANG_WARN_INFINITE_RECURSION = YES;
				CLANG_WARN_INT_CONVERSION = YES;
				CLANG_WARN_NON_LITERAL_NULL_CONVERSION = YES;
				CLANG_WARN_OBJC_IMPLICIT_RETAIN_SELF = YES;
				CLANG_WARN_OBJC_LITERAL_CONVERSION = YES;
				CLANG_WARN_OBJC_ROOT_CLASS = YES_ERROR;
				CLANG_WARN_QUOTED_INCLUDE_IN_FRAMEWORK_HEADER = YES;
				CLANG_WARN_RANGE_LOOP_ANALYSIS = YES;
				CLANG_WARN_STRICT_PROTOTYPES = YES;
				CLANG_WARN_SUSPICIOUS_MOVE = YES;
				CLANG_WARN_UNGUARDED_AVAILABILITY = YES_AGGRESSIVE;
				CLANG_WARN_UNREACHABLE_CODE = YES;
				CLANG_WARN__DUPLICATE_METHOD_MATCH = YES;
				COPY_PHASE_STRIP = NO;
				DEBUG_INFORMATION_FORMAT = dwarf;
				ENABLE_STRICT_OBJC_MSGSEND = YES;
				ENABLE_TESTABILITY = YES;
				GCC_C_LANGUAGE_STANDARD = gnu11;
				GCC_DYNAMIC_NO_PIC = NO;
				GCC_NO_COMMON_BLOCKS = YES;
				GCC_OPTIMIZATION_LEVEL = 0;
				GCC_PREPROCESSOR_DEFINITIONS = (
					"DEBUG=1",
					"$(inherited)",
				);
				GCC_WARN_64_TO_32_BIT_CONVERSION = YES;
				GCC_WARN_ABOUT_RETURN_TYPE = YES_ERROR;
				GCC_WARN_UNDECLARED_SELECTOR = YES;
				GCC_WARN_UNINITIALIZED_AUTOS = YES_AGGRESSIVE;
				GCC_WARN_UNUSED_FUNCTION = YES;
				GCC_WARN_UNUSED_VARIABLE = YES;
				INFOPLIST_KEY_UILaunchStoryboardName = "Launch Screen";
				IPHONEOS_DEPLOYMENT_TARGET = 16.0;
				MTL_ENABLE_DEBUG_INFO = INCLUDE_SOURCE;
				MTL_FAST_MATH = YES;
				ONLY_ACTIVE_ARCH = YES;
				SDKROOT = iphoneos;
				SWIFT_ACTIVE_COMPILATION_CONDITIONS = DEBUG;
				SWIFT_OPTIMIZATION_LEVEL = "-Onone";
			};
			name = Debug;
		};
		C06F769F28E982C500E673BE /* Release */ = {
			isa = XCBuildConfiguration;
			buildSettings = {
				ALWAYS_SEARCH_USER_PATHS = NO;
				CLANG_ANALYZER_NONNULL = YES;
				CLANG_ANALYZER_NUMBER_OBJECT_CONVERSION = YES_AGGRESSIVE;
				CLANG_CXX_LANGUAGE_STANDARD = "gnu++20";
				CLANG_ENABLE_MODULES = YES;
				CLANG_ENABLE_OBJC_ARC = YES;
				CLANG_ENABLE_OBJC_WEAK = YES;
				CLANG_WARN_BLOCK_CAPTURE_AUTORELEASING = YES;
				CLANG_WARN_BOOL_CONVERSION = YES;
				CLANG_WARN_COMMA = YES;
				CLANG_WARN_CONSTANT_CONVERSION = YES;
				CLANG_WARN_DEPRECATED_OBJC_IMPLEMENTATIONS = YES;
				CLANG_WARN_DIRECT_OBJC_ISA_USAGE = YES_ERROR;
				CLANG_WARN_DOCUMENTATION_COMMENTS = YES;
				CLANG_WARN_EMPTY_BODY = YES;
				CLANG_WARN_ENUM_CONVERSION = YES;
				CLANG_WARN_INFINITE_RECURSION = YES;
				CLANG_WARN_INT_CONVERSION = YES;
				CLANG_WARN_NON_LITERAL_NULL_CONVERSION = YES;
				CLANG_WARN_OBJC_IMPLICIT_RETAIN_SELF = YES;
				CLANG_WARN_OBJC_LITERAL_CONVERSION = YES;
				CLANG_WARN_OBJC_ROOT_CLASS = YES_ERROR;
				CLANG_WARN_QUOTED_INCLUDE_IN_FRAMEWORK_HEADER = YES;
				CLANG_WARN_RANGE_LOOP_ANALYSIS = YES;
				CLANG_WARN_STRICT_PROTOTYPES = YES;
				CLANG_WARN_SUSPICIOUS_MOVE = YES;
				CLANG_WARN_UNGUARDED_AVAILABILITY = YES_AGGRESSIVE;
				CLANG_WARN_UNREACHABLE_CODE = YES;
				CLANG_WARN__DUPLICATE_METHOD_MATCH = YES;
				COPY_PHASE_STRIP = NO;
				DEBUG_INFORMATION_FORMAT = "dwarf-with-dsym";
				ENABLE_NS_ASSERTIONS = NO;
				ENABLE_STRICT_OBJC_MSGSEND = YES;
				GCC_C_LANGUAGE_STANDARD = gnu11;
				GCC_NO_COMMON_BLOCKS = YES;
				GCC_WARN_64_TO_32_BIT_CONVERSION = YES;
				GCC_WARN_ABOUT_RETURN_TYPE = YES_ERROR;
				GCC_WARN_UNDECLARED_SELECTOR = YES;
				GCC_WARN_UNINITIALIZED_AUTOS = YES_AGGRESSIVE;
				GCC_WARN_UNUSED_FUNCTION = YES;
				GCC_WARN_UNUSED_VARIABLE = YES;
				INFOPLIST_KEY_UILaunchStoryboardName = "Launch Screen";
				IPHONEOS_DEPLOYMENT_TARGET = 16.0;
				MTL_ENABLE_DEBUG_INFO = NO;
				MTL_FAST_MATH = YES;
				SDKROOT = iphoneos;
				SWIFT_COMPILATION_MODE = wholemodule;
				SWIFT_OPTIMIZATION_LEVEL = "-O";
				VALIDATE_PRODUCT = YES;
			};
			name = Release;
		};
		C06F76A128E982C500E673BE /* Debug */ = {
			isa = XCBuildConfiguration;
			buildSettings = {
				ASSETCATALOG_COMPILER_APPICON_NAME = AppIcon;
				ASSETCATALOG_COMPILER_GLOBAL_ACCENT_COLOR_NAME = AccentColor;
				CODE_SIGN_STYLE = Automatic;
				CURRENT_PROJECT_VERSION = 1;
				DEVELOPMENT_ASSET_PATHS = "\"Rickface/Preview Content\"";
				DEVELOPMENT_TEAM = N2WM6EN8GQ;
				ENABLE_PREVIEWS = YES;
				GENERATE_INFOPLIST_FILE = YES;
				INFOPLIST_FILE = Rickface/Info.plist;
				INFOPLIST_KEY_CFBundleDisplayName = Rickface;
				INFOPLIST_KEY_LSApplicationCategoryType = "public.app-category.entertainment";
				INFOPLIST_KEY_UIApplicationSceneManifest_Generation = YES;
				INFOPLIST_KEY_UIApplicationSupportsIndirectInputEvents = YES;
				INFOPLIST_KEY_UILaunchScreen_Generation = YES;
				INFOPLIST_KEY_UILaunchStoryboardName = "Launch Screen";
				INFOPLIST_KEY_UIStatusBarHidden = YES;
				INFOPLIST_KEY_UISupportedInterfaceOrientations = UIInterfaceOrientationPortrait;
				INFOPLIST_KEY_UISupportedInterfaceOrientations_iPad = "UIInterfaceOrientationLandscapeLeft UIInterfaceOrientationLandscapeRight UIInterfaceOrientationPortrait UIInterfaceOrientationPortraitUpsideDown";
				INFOPLIST_KEY_WKCompanionAppBundleIdentifier = com.charliewilliams.rickface.watchkitapp;
				IPHONEOS_DEPLOYMENT_TARGET = 16.0;
				LD_RUNPATH_SEARCH_PATHS = (
					"$(inherited)",
					"@executable_path/Frameworks",
				);
				MARKETING_VERSION = 2.1.1;
				PRODUCT_BUNDLE_IDENTIFIER = com.charliewilliams.rickface;
				PRODUCT_NAME = "$(TARGET_NAME)";
				SUPPORTED_PLATFORMS = "iphoneos iphonesimulator";
				SUPPORTS_MACCATALYST = NO;
				SUPPORTS_MAC_DESIGNED_FOR_IPHONE_IPAD = YES;
				SWIFT_EMIT_LOC_STRINGS = YES;
				SWIFT_VERSION = 5.0;
				TARGETED_DEVICE_FAMILY = 1;
			};
			name = Debug;
		};
		C06F76A228E982C500E673BE /* Release */ = {
			isa = XCBuildConfiguration;
			buildSettings = {
				ASSETCATALOG_COMPILER_APPICON_NAME = AppIcon;
				ASSETCATALOG_COMPILER_GLOBAL_ACCENT_COLOR_NAME = AccentColor;
				CODE_SIGN_STYLE = Automatic;
				CURRENT_PROJECT_VERSION = 1;
				DEVELOPMENT_ASSET_PATHS = "\"Rickface/Preview Content\"";
				DEVELOPMENT_TEAM = N2WM6EN8GQ;
				ENABLE_PREVIEWS = YES;
				GENERATE_INFOPLIST_FILE = YES;
				INFOPLIST_FILE = Rickface/Info.plist;
				INFOPLIST_KEY_CFBundleDisplayName = Rickface;
				INFOPLIST_KEY_LSApplicationCategoryType = "public.app-category.entertainment";
				INFOPLIST_KEY_UIApplicationSceneManifest_Generation = YES;
				INFOPLIST_KEY_UIApplicationSupportsIndirectInputEvents = YES;
				INFOPLIST_KEY_UILaunchScreen_Generation = YES;
				INFOPLIST_KEY_UILaunchStoryboardName = "Launch Screen";
				INFOPLIST_KEY_UIStatusBarHidden = YES;
				INFOPLIST_KEY_UISupportedInterfaceOrientations = UIInterfaceOrientationPortrait;
				INFOPLIST_KEY_UISupportedInterfaceOrientations_iPad = "UIInterfaceOrientationLandscapeLeft UIInterfaceOrientationLandscapeRight UIInterfaceOrientationPortrait UIInterfaceOrientationPortraitUpsideDown";
				INFOPLIST_KEY_WKCompanionAppBundleIdentifier = com.charliewilliams.rickface.watchkitapp;
				IPHONEOS_DEPLOYMENT_TARGET = 16.0;
				LD_RUNPATH_SEARCH_PATHS = (
					"$(inherited)",
					"@executable_path/Frameworks",
				);
				MARKETING_VERSION = 2.1.1;
				PRODUCT_BUNDLE_IDENTIFIER = com.charliewilliams.rickface;
				PRODUCT_NAME = "$(TARGET_NAME)";
				SUPPORTED_PLATFORMS = "iphoneos iphonesimulator";
				SUPPORTS_MACCATALYST = NO;
				SUPPORTS_MAC_DESIGNED_FOR_IPHONE_IPAD = YES;
				SWIFT_EMIT_LOC_STRINGS = YES;
				SWIFT_VERSION = 5.0;
				TARGETED_DEVICE_FAMILY = 1;
			};
			name = Release;
		};
/* End XCBuildConfiguration section */

/* Begin XCConfigurationList section */
		C0182A2528F840F500D4A13F /* Build configuration list for PBXNativeTarget "RickWatch Watch App" */ = {
			isa = XCConfigurationList;
			buildConfigurations = (
				C0182A2328F840F500D4A13F /* Debug */,
				C0182A2428F840F500D4A13F /* Release */,
			);
			defaultConfigurationIsVisible = 0;
			defaultConfigurationName = Release;
		};
		C06F767728E982C300E673BE /* Build configuration list for PBXProject "Rickface" */ = {
			isa = XCConfigurationList;
			buildConfigurations = (
				C06F769E28E982C500E673BE /* Debug */,
				C06F769F28E982C500E673BE /* Release */,
			);
			defaultConfigurationIsVisible = 0;
			defaultConfigurationName = Release;
		};
		C06F76A028E982C500E673BE /* Build configuration list for PBXNativeTarget "Rickface" */ = {
			isa = XCConfigurationList;
			buildConfigurations = (
				C06F76A128E982C500E673BE /* Debug */,
				C06F76A228E982C500E673BE /* Release */,
			);
			defaultConfigurationIsVisible = 0;
			defaultConfigurationName = Release;
		};
/* End XCConfigurationList section */
	};
	rootObject = C06F767428E982C300E673BE /* Project object */;
}
